
Microsoft Visual Studio Solution File, Format Version 12.00
# Visual Studio 15
VisualStudioVersion = 15.0.27703.2035
MinimumVisualStudioVersion = 10.0.40219.1
Project("{FAE04EC0-301F-11D3-BF4B-00C04F79EFBC}") = "WebApplication", "WebApplication\WebApplication.csproj", "{26A9C3B9-2BD5-4426-9EA8-F4C59F992A95}"
EndProject
Project("{E53339B2-1760-4266-BCC7-CA923CBCF16C}") = "docker-compose", "docker-compose.dcproj", "{A0D39137-0271-4E01-B508-E6F01068A69D}"
EndProject
Global
	GlobalSection(SolutionConfigurationPlatforms) = preSolution
		Debug|Any CPU = Debug|Any CPU
		Release|Any CPU = Release|Any CPU
	EndGlobalSection
	GlobalSection(ProjectConfigurationPlatforms) = postSolution
		{26A9C3B9-2BD5-4426-9EA8-F4C59F992A95}.Debug|Any CPU.ActiveCfg = Debug|Any CPU
		{26A9C3B9-2BD5-4426-9EA8-F4C59F992A95}.Debug|Any CPU.Build.0 = Debug|Any CPU
		{26A9C3B9-2BD5-4426-9EA8-F4C59F992A95}.Release|Any CPU.ActiveCfg = Release|Any CPU
		{26A9C3B9-2BD5-4426-9EA8-F4C59F992A95}.Release|Any CPU.Build.0 = Release|Any CPU
		{A0D39137-0271-4E01-B508-E6F01068A69D}.Debug|Any CPU.ActiveCfg = Debug|Any CPU
		{A0D39137-0271-4E01-B508-E6F01068A69D}.Debug|Any CPU.Build.0 = Debug|Any CPU
		{A0D39137-0271-4E01-B508-E6F01068A69D}.Release|Any CPU.ActiveCfg = Release|Any CPU
		{A0D39137-0271-4E01-B508-E6F01068A69D}.Release|Any CPU.Build.0 = Release|Any CPU
	EndGlobalSection
	GlobalSection(SolutionProperties) = preSolution
		HideSolutionNode = FALSE
	EndGlobalSection
	GlobalSection(ExtensibilityGlobals) = postSolution
		SolutionGuid = {A6161BC7-0DAC-4757-9E3C-79E8BF007851}
	EndGlobalSection
EndGlobal
